Microsoft Visual Studio Solution File, Format Version 12.00
# Visual Studio Version 17
VisualStudioVersion = 17.0.31903.59
MinimumVisualStudioVersion = 10.0.40219.1
Project("{FAE04EC0-301F-11D3-BF4B-00C04F79EFBC}") = "MarketPay.API", "src\MarketPay.API\MarketPay.API.csproj", "{8B5F5A5A-8B5F-5A5A-8B5F-5A5A8B5F5A5A}"
EndProject
Project("{FAE04EC0-301F-11D3-BF4B-00C04F79EFBC}") = "MarketPay.Application", "src\MarketPay.Application\MarketPay.Application.csproj", "{9C6F6B6B-9C6F-6B6B-9C6F-6B6B9C6F6B6B}"
EndProject
Project("{FAE04EC0-301F-11D3-BF4B-00C04F79EFBC}") = "MarketPay.Infrastructure", "src\MarketPay.Infrastructure\MarketPay.Infrastructure.csproj", "{AD7F7C7C-AD7F-7C7C-AD7F-7C7CAD7F7C7C}"
EndProject
Project("{FAE04EC0-301F-11D3-BF4B-00C04F79EFBC}") = "MarketPay.Domain", "src\MarketPay.Domain\MarketPay.Domain.csproj", "{BE8F8D8D-BE8F-8D8D-BE8F-8D8DBE8F8D8D}"
EndProject
Global
	GlobalSection(SolutionConfigurationPlatforms) = preSolution
		Debug|Any CPU = Debug|Any CPU
		Release|Any CPU = Release|Any CPU
	EndGlobalSection
	GlobalSection(ProjectConfigurationPlatforms) = postSolution
		{8B5F5A5A-8B5F-5A5A-8B5F-5A5A8B5F5A5A}.Debug|Any CPU.ActiveCfg = Debug|Any CPU
		{8B5F5A5A-8B5F-5A5A-8B5F-5A5A8B5F5A5A}.Debug|Any CPU.Build.0 = Debug|Any CPU
		{8B5F5A5A-8B5F-5A5A-8B5F-5A5A8B5F5A5A}.Release|Any CPU.ActiveCfg = Release|Any CPU
		{8B5F5A5A-8B5F-5A5A-8B5F-5A5A8B5F5A5A}.Release|Any CPU.Build.0 = Release|Any CPU
		{9C6F6B6B-9C6F-6B6B-9C6F-6B6B9C6F6B6B}.Debug|Any CPU.ActiveCfg = Debug|Any CPU
		{9C6F6B6B-9C6F-6B6B-9C6F-6B6B9C6F6B6B}.Debug|Any CPU.Build.0 = Debug|Any CPU
		{9C6F6B6B-9C6F-6B6B-9C6F-6B6B9C6F6B6B}.Release|Any CPU.ActiveCfg = Release|Any CPU
		{9C6F6B6B-9C6F-6B6B-9C6F-6B6B9C6F6B6B}.Release|Any CPU.Build.0 = Release|Any CPU
		{AD7F7C7C-AD7F-7C7C-AD7F-7C7CAD7F7C7C}.Debug|Any CPU.ActiveCfg = Debug|Any CPU
		{AD7F7C7C-AD7F-7C7C-AD7F-7C7CAD7F7C7C}.Debug|Any CPU.Build.0 = Debug|Any CPU
		{AD7F7C7C-AD7F-7C7C-AD7F-7C7CAD7F7C7C}.Release|Any CPU.ActiveCfg = Release|Any CPU
		{AD7F7C7C-AD7F-7C7C-AD7F-7C7CAD7F7C7C}.Release|Any CPU.Build.0 = Release|Any CPU
		{BE8F8D8D-BE8F-8D8D-BE8F-8D8DBE8F8D8D}.Debug|Any CPU.ActiveCfg = Debug|Any CPU
		{BE8F8D8D-BE8F-8D8D-BE8F-8D8DBE8F8D8D}.Debug|Any CPU.Build.0 = Debug|Any CPU
		{BE8F8D8D-BE8F-8D8D-BE8F-8D8DBE8F8D8D}.Release|Any CPU.ActiveCfg = Release|Any CPU
		{BE8F8D8D-BE8F-8D8D-BE8F-8D8DBE8F8D8D}.Release|Any CPU.Build.0 = Release|Any CPU
	EndGlobalSection
EndGlobal

